
Microsoft Visual Studio Solution File, Format Version 12.00
# Visual Studio Version 17
VisualStudioVersion = 17.5.33627.172
MinimumVisualStudioVersion = 10.0.40219.1
Project("{9A19103F-16F7-4668-BE54-9A1E7A4F7556}") = "001-开始", "001-开始\001-开始.csproj", "{BC36BC75-320D-42F9-8C50-F50CECB8B2DD}"
EndProject
Project("{FAE04EC0-301F-11D3-BF4B-00C04F79EFBC}") = "003-变量", "003-变量\003-变量.csproj", "{EE2CCBD1-D1AE-4349-9FE8-227756DA308B}"
EndProject
Global
	GlobalSection(SolutionConfigurationPlatforms) = preSolution
		Debug|Any CPU = Debug|Any CPU
		Release|Any CPU = Release|Any CPU
	EndGlobalSection
	GlobalSection(ProjectConfigurationPlatforms) = postSolution
		{BC36BC75-320D-42F9-8C50-F50CECB8B2DD}.Debug|Any CPU.ActiveCfg = Debug|Any CPU
		{BC36BC75-320D-42F9-8C50-F50CECB8B2DD}.Debug|Any CPU.Build.0 = Debug|Any CPU
		{BC36BC75-320D-42F9-8C50-F50CECB8B2DD}.Release|Any CPU.ActiveCfg = Release|Any CPU
		{BC36BC75-320D-42F9-8C50-F50CECB8B2DD}.Release|Any CPU.Build.0 = Release|Any CPU
		{EE2CCBD1-D1AE-4349-9FE8-227756DA308B}.Debug|Any CPU.ActiveCfg = Debug|Any CPU
		{EE2CCBD1-D1AE-4349-9FE8-227756DA308B}.Debug|Any CPU.Build.0 = Debug|Any CPU
		{EE2CCBD1-D1AE-4349-9FE8-227756DA308B}.Release|Any CPU.ActiveCfg = Release|Any CPU
		{EE2CCBD1-D1AE-4349-9FE8-227756DA308B}.Release|Any CPU.Build.0 = Release|Any CPU
	EndGlobalSection
	GlobalSection(SolutionProperties) = preSolution
		HideSolutionNode = FALSE
	EndGlobalSection
	GlobalSection(ExtensibilityGlobals) = postSolution
		SolutionGuid = {FFE6EA58-6ED1-47E1-AEDD-A900E3BDA1D1}
	EndGlobalSection
EndGlobal
